
Microsoft Visual Studio Solution File, Format Version 12.00
# Visual Studio Version 16
VisualStudioVersion = 16.0.30611.23
MinimumVisualStudioVersion = 10.0.40219.1
Project("{2150E333-8FDC-42A3-9474-1A3956D46DE8}") = "docs", "docs", "{AA190AB3-DAAD-48D4-82E4-40B01FFA37F2}"
	ProjectSection(SolutionItems) = preProject
		docs\ReadMe.md = docs\ReadMe.md
	EndProjectSection
EndProject
Project("{2150E333-8FDC-42A3-9474-1A3956D46DE8}") = "src", "src", "{74CB3BE0-F02D-416F-8C22-5DC73DC8D450}"
EndProject
Project("{2150E333-8FDC-42A3-9474-1A3956D46DE8}") = "1-Services", "1-Services", "{0DBC7E4D-B1C0-4E5E-838E-C4389D0AD3C2}"
EndProject
Project("{2150E333-8FDC-42A3-9474-1A3956D46DE8}") = "2-Application", "2-Application", "{87FB65B1-A5A8-4828-A868-5110E1CA3C7C}"
EndProject
Project("{2150E333-8FDC-42A3-9474-1A3956D46DE8}") = "3-Domain", "3-Domain", "{6797DB43-4119-4976-9735-BE67FA345679}"
EndProject
Project("{2150E333-8FDC-42A3-9474-1A3956D46DE8}") = "4-Common", "4-Common", "{F53A0C47-1C26-42FB-8140-23DA139676F1}"
EndProject
Project("{2150E333-8FDC-42A3-9474-1A3956D46DE8}") = "5-Infra", "5-Infra", "{FB89638D-86DE-4A6C-B864-265B11256359}"
EndProject
Project("{2150E333-8FDC-42A3-9474-1A3956D46DE8}") = "5.1-Data", "5.1-Data", "{7B276214-5653-484B-BB1C-DF75C7D31CE0}"
EndProject
Project("{2150E333-8FDC-42A3-9474-1A3956D46DE8}") = "5.2-CrossCutting", "5.2-CrossCutting", "{32B1BDE8-4622-4F4D-A6F3-F402F2D22FC6}"
EndProject
Project("{FAE04EC0-301F-11D3-BF4B-00C04F79EFBC}") = "Vuttr.Domain", "src\Vuttr.Domain\Vuttr.Domain.csproj", "{692BD5A0-9A46-4A84-8394-DE25419F0731}"
EndProject
Project("{FAE04EC0-301F-11D3-BF4B-00C04F79EFBC}") = "Vuttr.Domain.Core", "src\Vuttr.Domain.Core\Vuttr.Domain.Core.csproj", "{1D4FA739-30B9-47AC-8DA2-45E9DE01B75B}"
EndProject
Project("{FAE04EC0-301F-11D3-BF4B-00C04F79EFBC}") = "Vuttr.Common", "src\Vuttr.Common\Vuttr.Common.csproj", "{27EFCA61-83C1-4FD4-BD1E-A6B72EE57E61}"
EndProject
Project("{FAE04EC0-301F-11D3-BF4B-00C04F79EFBC}") = "Vuttr.Application", "src\Vuttr.Application\Vuttr.Application.csproj", "{3BE1D898-4C3B-4FB7-8767-8F35D0D218D4}"
EndProject
Project("{FAE04EC0-301F-11D3-BF4B-00C04F79EFBC}") = "Vuttr.Infra.Data", "src\Vuttr.Infra.Data\Vuttr.Infra.Data.csproj", "{B3D7A16B-CB27-4E6E-A32B-B0BF5AA72693}"
EndProject
Project("{FAE04EC0-301F-11D3-BF4B-00C04F79EFBC}") = "Vuttr.Infra.CrossCutting.IoC", "src\Vuttr.Infra.CrossCutting.IoC\Vuttr.Infra.CrossCutting.IoC.csproj", "{B7458198-C9D4-4F42-A7ED-BEF850176262}"
EndProject
Project("{FAE04EC0-301F-11D3-BF4B-00C04F79EFBC}") = "Vuttr.WebApi", "src\Vuttr.WebApi\Vuttr.WebApi.csproj", "{54E9AC05-F36C-4482-B7DC-B9FFD3B59276}"
EndProject
Global
	GlobalSection(SolutionConfigurationPlatforms) = preSolution
		Debug|Any CPU = Debug|Any CPU
		Release|Any CPU = Release|Any CPU
	EndGlobalSection
	GlobalSection(ProjectConfigurationPlatforms) = postSolution
		{692BD5A0-9A46-4A84-8394-DE25419F0731}.Debug|Any CPU.ActiveCfg = Debug|Any CPU
		{692BD5A0-9A46-4A84-8394-DE25419F0731}.Debug|Any CPU.Build.0 = Debug|Any CPU
		{692BD5A0-9A46-4A84-8394-DE25419F0731}.Release|Any CPU.ActiveCfg = Release|Any CPU
		{692BD5A0-9A46-4A84-8394-DE25419F0731}.Release|Any CPU.Build.0 = Release|Any CPU
		{1D4FA739-30B9-47AC-8DA2-45E9DE01B75B}.Debug|Any CPU.ActiveCfg = Debug|Any CPU
		{1D4FA739-30B9-47AC-8DA2-45E9DE01B75B}.Debug|Any CPU.Build.0 = Debug|Any CPU
		{1D4FA739-30B9-47AC-8DA2-45E9DE01B75B}.Release|Any CPU.ActiveCfg = Release|Any CPU
		{1D4FA739-30B9-47AC-8DA2-45E9DE01B75B}.Release|Any CPU.Build.0 = Release|Any CPU
		{27EFCA61-83C1-4FD4-BD1E-A6B72EE57E61}.Debug|Any CPU.ActiveCfg = Debug|Any CPU
		{27EFCA61-83C1-4FD4-BD1E-A6B72EE57E61}.Debug|Any CPU.Build.0 = Debug|Any CPU
		{27EFCA61-83C1-4FD4-BD1E-A6B72EE57E61}.Release|Any CPU.ActiveCfg = Release|Any CPU
		{27EFCA61-83C1-4FD4-BD1E-A6B72EE57E61}.Release|Any CPU.Build.0 = Release|Any CPU
		{3BE1D898-4C3B-4FB7-8767-8F35D0D218D4}.Debug|Any CPU.ActiveCfg = Debug|Any CPU
		{3BE1D898-4C3B-4FB7-8767-8F35D0D218D4}.Debug|Any CPU.Build.0 = Debug|Any CPU
		{3BE1D898-4C3B-4FB7-8767-8F35D0D218D4}.Release|Any CPU.ActiveCfg = Release|Any CPU
		{3BE1D898-4C3B-4FB7-8767-8F35D0D218D4}.Release|Any CPU.Build.0 = Release|Any CPU
		{B3D7A16B-CB27-4E6E-A32B-B0BF5AA72693}.Debug|Any CPU.ActiveCfg = Debug|Any CPU
		{B3D7A16B-CB27-4E6E-A32B-B0BF5AA72693}.Debug|Any CPU.Build.0 = Debug|Any CPU
		{B3D7A16B-CB27-4E6E-A32B-B0BF5AA72693}.Release|Any CPU.ActiveCfg = Release|Any CPU
		{B3D7A16B-CB27-4E6E-A32B-B0BF5AA72693}.Release|Any CPU.Build.0 = Release|Any CPU
		{B7458198-C9D4-4F42-A7ED-BEF850176262}.Debug|Any CPU.ActiveCfg = Debug|Any CPU
		{B7458198-C9D4-4F42-A7ED-BEF850176262}.Debug|Any CPU.Build.0 = Debug|Any CPU
		{B7458198-C9D4-4F42-A7ED-BEF850176262}.Release|Any CPU.ActiveCfg = Release|Any CPU
		{B7458198-C9D4-4F42-A7ED-BEF850176262}.Release|Any CPU.Build.0 = Release|Any CPU
		{54E9AC05-F36C-4482-B7DC-B9FFD3B59276}.Debug|Any CPU.ActiveCfg = Debug|Any CPU
		{54E9AC05-F36C-4482-B7DC-B9FFD3B59276}.Debug|Any CPU.Build.0 = Debug|Any CPU
		{54E9AC05-F36C-4482-B7DC-B9FFD3B59276}.Release|Any CPU.ActiveCfg = Release|Any CPU
		{54E9AC05-F36C-4482-B7DC-B9FFD3B59276}.Release|Any CPU.Build.0 = Release|Any CPU
	EndGlobalSection
	GlobalSection(SolutionProperties) = preSolution
		HideSolutionNode = FALSE
	EndGlobalSection
	GlobalSection(NestedProjects) = preSolution
		{0DBC7E4D-B1C0-4E5E-838E-C4389D0AD3C2} = {74CB3BE0-F02D-416F-8C22-5DC73DC8D450}
		{87FB65B1-A5A8-4828-A868-5110E1CA3C7C} = {74CB3BE0-F02D-416F-8C22-5DC73DC8D450}
		{6797DB43-4119-4976-9735-BE67FA345679} = {74CB3BE0-F02D-416F-8C22-5DC73DC8D450}
		{F53A0C47-1C26-42FB-8140-23DA139676F1} = {74CB3BE0-F02D-416F-8C22-5DC73DC8D450}
		{FB89638D-86DE-4A6C-B864-265B11256359} = {74CB3BE0-F02D-416F-8C22-5DC73DC8D450}
		{7B276214-5653-484B-BB1C-DF75C7D31CE0} = {FB89638D-86DE-4A6C-B864-265B11256359}
		{32B1BDE8-4622-4F4D-A6F3-F402F2D22FC6} = {FB89638D-86DE-4A6C-B864-265B11256359}
		{692BD5A0-9A46-4A84-8394-DE25419F0731} = {6797DB43-4119-4976-9735-BE67FA345679}
		{1D4FA739-30B9-47AC-8DA2-45E9DE01B75B} = {6797DB43-4119-4976-9735-BE67FA345679}
		{27EFCA61-83C1-4FD4-BD1E-A6B72EE57E61} = {F53A0C47-1C26-42FB-8140-23DA139676F1}
		{3BE1D898-4C3B-4FB7-8767-8F35D0D218D4} = {87FB65B1-A5A8-4828-A868-5110E1CA3C7C}
		{B3D7A16B-CB27-4E6E-A32B-B0BF5AA72693} = {7B276214-5653-484B-BB1C-DF75C7D31CE0}
		{B7458198-C9D4-4F42-A7ED-BEF850176262} = {32B1BDE8-4622-4F4D-A6F3-F402F2D22FC6}
		{54E9AC05-F36C-4482-B7DC-B9FFD3B59276} = {0DBC7E4D-B1C0-4E5E-838E-C4389D0AD3C2}
	EndGlobalSection
	GlobalSection(ExtensibilityGlobals) = postSolution
		SolutionGuid = {30688A3E-147C-4B66-89F6-353162B13CE1}
	EndGlobalSection
EndGlobal
